<?xml version="1.0" encoding="utf-8"?>
<Project ToolsVersion="4.0" xmlns="http://schemas.microsoft.com/developer/msbuild/2003">
  <ItemGroup>
    <Filter Include="Source Files">
      <UniqueIdentifier>{4FC737F1-C7A5-4376-A066-2A32D752A2FF}</UniqueIdentifier>
      <Extensions>cpp;c;cc;cxx;def;odl;idl;hpj;bat;asm;asmx</Extensions>
    </Filter>
    <Filter Include="Header Files">
      <UniqueIdentifier>{93995380-89BD-4b04-88EB-625FBE52EBFB}</UniqueIdentifier>
      <Extensions>h;hpp;hxx;hm;inl;inc;xsd</Extensions>
    </Filter>
    <Filter Include="Resource Files">
      <UniqueIdentifier>{67DA6AB6-F800-4c08-8B7A-83BB121AAD01}</UniqueIdentifier>
      <Extensions>rc;ico;cur;bmp;dlg;rc2;rct;bin;rgs;gif;jpg;jpeg;jpe;resx;tiff;tif;png;wav</Extensions>
    </Filter>
    <Filter Include="Common">
      <UniqueIdentifier>{67213ac7-6127-4fbb-b5ad-8ba0d039eec9}</UniqueIdentifier>
    </Filter>
  </ItemGroup>
  <ItemGroup>
    <ClCompile Include="Main.cpp">
      <Filter>Source Files</Filter>
    </ClCompile>
    <ClCompile Include="Mesh.cpp">
      <Filter>Source Files</Filter>
    </ClCompile>
    <ClCompile Include="Shader.cpp">
      <Filter>Source Files</Filter>
    </ClCompile>
    <ClCompile Include="Common\dxstdafx.cpp">
      <Filter>Common</Filter>
    </ClCompile>
    <ClCompile Include="Common\DXUT.cpp">
      <Filter>Common</Filter>
    </ClCompile>
    <ClCompile Include="Common\DXUTenum.cpp">
      <Filter>Common</Filter>
    </ClCompile>
    <ClCompile Include="Common\DXUTgui.cpp">
      <Filter>Common</Filter>
    </ClCompile>
    <ClCompile Include="Common\DXUTMesh.cpp">
      <Filter>Common</Filter>
    </ClCompile>
    <ClCompile Include="Common\DXUTmisc.cpp">
      <Filter>Common</Filter>
    </ClCompile>
    <ClCompile Include="Common\DXUTRes.cpp">
      <Filter>Common</Filter>
    </ClCompile>
    <ClCompile Include="Common\DXUTSettingsDlg.cpp">
      <Filter>Common</Filter>
    </ClCompile>
  </ItemGroup>
  <ItemGroup>
    <ClInclude Include="Mesh.h">
      <Filter>Source Files</Filter>
    </ClInclude>
    <ClInclude Include="Shader.h">
      <Filter>Source Files</Filter>
    </ClInclude>
    <ClInclude Include="Common\dxstdafx.h">
      <Filter>Common</Filter>
    </ClInclude>
    <ClInclude Include="Common\DXUT.h">
      <Filter>Common</Filter>
    </ClInclude>
    <ClInclude Include="Common\DXUTenum.h">
      <Filter>Common</Filter>
    </ClInclude>
    <ClInclude Include="Common\DXUTgui.h">
      <Filter>Common</Filter>
    </ClInclude>
    <ClInclude Include="Common\DXUTMesh.h">
      <Filter>Common</Filter>
    </ClInclude>
    <ClInclude Include="Common\DXUTmisc.h">
      <Filter>Common</Filter>
    </ClInclude>
    <ClInclude Include="Common\DXUTRes.h">
      <Filter>Common</Filter>
    </ClInclude>
    <ClInclude Include="Common\DXUTSettingsDlg.h">
      <Filter>Common</Filter>
    </ClInclude>
  </ItemGroup>
</Project>